// !$*UTF8*$!
{
	archiveVersion = 1;
	classes = {
	};
	objectVersion = 46;
	objects = {

/* Begin PBXBuildFile section */
		0D823C851AF55CB300FF00BA /* main.c in Sources */ = {isa = PBXBuildFile; fileRef = 0D823C841AF55CB300FF00BA /* main.c */; };
		0D823C8C1AF5EB9200FF00BA /* libncurses.dylib in Frameworks */ = {isa = PBXBuildFile; fileRef = 0D823C8B1AF5EB9200FF00BA /* libncurses.dylib */; };
		0D823C901AF6BB2600FF00BA /* z80.c in Sources */ = {isa = PBXBuildFile; fileRef = 0D823C8E1AF6BB2600FF00BA /* z80.c */; };
		0D823C931AF6D94F00FF00BA /* display.c in Sources */ = {isa = PBXBuildFile; fileRef = 0D823C911AF6D94F00FF00BA /* display.c */; };
		0D823C961AF6DCCE00FF00BA /* memory.c in Sources */ = {isa = PBXBuildFile; fileRef = 0D823C941AF6DCCE00FF00BA /* memory.c */; };
/* End PBXBuildFile section */

/* Begin PBXCopyFilesBuildPhase section */
		0D823C7F1AF55CB300FF00BA /* CopyFiles */ = {
			isa = PBXCopyFilesBuildPhase;
			buildActionMask = 2147483647;
			dstPath = /usr/share/man/man1/;
			dstSubfolderSpec = 0;
			files = (
			);
			runOnlyForDeploymentPostprocessing = 1;
		};
/* End PBXCopyFilesBuildPhase section */

/* Begin PBXFileReference section */
		0D823C811AF55CB300FF00BA /* PZ80emu */ = {isa = PBXFileReference; explicitFileType = "compiled.mach-o.executable"; includeInIndex = 0; path = PZ80emu; sourceTree = BUILT_PRODUCTS_DIR; };
		0D823C841AF55CB300FF00BA /* main.c */ = {isa = PBXFileReference; lastKnownFileType = sourcecode.c.c; lineEnding = 0; path = main.c; sourceTree = "<group>"; xcLanguageSpecificationIdentifier = xcode.lang.c; };
		0D823C8B1AF5EB9200FF00BA /* libncurses.dylib */ = {isa = PBXFileReference; lastKnownFileType = "compiled.mach-o.dylib"; name = libncurses.dylib; path = usr/lib/libncurses.dylib; sourceTree = SDKROOT; };
		0D823C8E1AF6BB2600FF00BA /* z80.c */ = {isa = PBXFileReference; fileEncoding = 4; lastKnownFileType = sourcecode.c.c; path = z80.c; sourceTree = "<group>"; };
		0D823C8F1AF6BB2600FF00BA /* z80.h */ = {isa = PBXFileReference; fileEncoding = 4; lastKnownFileType = sourcecode.c.h; path = z80.h; sourceTree = "<group>"; };
		0D823C911AF6D94F00FF00BA /* display.c */ = {isa = PBXFileReference; fileEncoding = 4; lastKnownFileType = sourcecode.c.c; path = display.c; sourceTree = "<group>"; };
		0D823C921AF6D94F00FF00BA /* display.h */ = {isa = PBXFileReference; fileEncoding = 4; lastKnownFileType = sourcecode.c.h; path = display.h; sourceTree = "<group>"; };
		0D823C941AF6DCCE00FF00BA /* memory.c */ = {isa = PBXFileReference; fileEncoding = 4; lastKnownFileType = sourcecode.c.c; path = memory.c; sourceTree = "<group>"; };
		0D823C951AF6DCCE00FF00BA /* memory.h */ = {isa = PBXFileReference; fileEncoding = 4; lastKnownFileType = sourcecode.c.h; path = memory.h; sourceTree = "<group>"; };
/* End PBXFileReference section */

/* Begin PBXFrameworksBuildPhase section */
		0D823C7E1AF55CB300FF00BA /* Frameworks */ = {
			isa = PBXFrameworksBuildPhase;
			buildActionMask = 2147483647;
			files = (
				0D823C8C1AF5EB9200FF00BA /* libncurses.dylib in Frameworks */,
			);
			runOnlyForDeploymentPostprocessing = 0;
		};
/* End PBXFrameworksBuildPhase section */

/* Begin PBXGroup section */
		0D823C781AF55CB300FF00BA = {
			isa = PBXGroup;
			children = (
				0D823C8B1AF5EB9200FF00BA /* libncurses.dylib */,
				0D823C831AF55CB300FF00BA /* PZ80emu */,
				0D823C821AF55CB300FF00BA /* Products */,
			);
			sourceTree = "<group>";
		};
		0D823C821AF55CB300FF00BA /* Products */ = {
			isa = PBXGroup;
			children = (
				0D823C811AF55CB300FF00BA /* PZ80emu */,
			);
			name = Products;
			sourceTree = "<group>";
		};
		0D823C831AF55CB300FF00BA /* PZ80emu */ = {
			isa = PBXGroup;
			children = (
				0D823C841AF55CB300FF00BA /* main.c */,
				0D823C941AF6DCCE00FF00BA /* memory.c */,
				0D823C951AF6DCCE00FF00BA /* memory.h */,
				0D823C911AF6D94F00FF00BA /* display.c */,
				0D823C921AF6D94F00FF00BA /* display.h */,
				0D823C8E1AF6BB2600FF00BA /* z80.c */,
				0D823C8F1AF6BB2600FF00BA /* z80.h */,
			);
			path = PZ80emu;
			sourceTree = "<group>";
		};
/* End PBXGroup section */

/* Begin PBXNativeTarget section */
		0D823C801AF55CB300FF00BA /* PZ80emu */ = {
			isa = PBXNativeTarget;
			buildConfigurationList = 0D823C881AF55CB300FF00BA /* Build configuration list for PBXNativeTarget "PZ80emu" */;
			buildPhases = (
				0D823C7D1AF55CB300FF00BA /* Sources */,
				0D823C7E1AF55CB300FF00BA /* Frameworks */,
				0D823C7F1AF55CB300FF00BA /* CopyFiles */,
			);
			buildRules = (
			);
			dependencies = (
			);
			name = PZ80emu;
			productName = PZ80emu;
			productReference = 0D823C811AF55CB300FF00BA /* PZ80emu */;
			productType = "com.apple.product-type.tool";
		};
/* End PBXNativeTarget section */

/* Begin PBXProject section */
		0D823C791AF55CB300FF00BA /* Project object */ = {
			isa = PBXProject;
			attributes = {
				LastUpgradeCheck = 0630;
				ORGANIZATIONNAME = "Peter Ezetta";
				TargetAttributes = {
					0D823C801AF55CB300FF00BA = {
						CreatedOnToolsVersion = 6.3.1;
					};
				};
			};
			buildConfigurationList = 0D823C7C1AF55CB300FF00BA /* Build configuration list for PBXProject "PZ80emu" */;
			compatibilityVersion = "Xcode 3.2";
			developmentRegion = English;
			hasScannedForEncodings = 0;
			knownRegions = (
				en,
			);
			mainGroup = 0D823C781AF55CB300FF00BA;
			productRefGroup = 0D823C821AF55CB300FF00BA /* Products */;
			projectDirPath = "";
			projectRoot = "";
			targets = (
				0D823C801AF55CB300FF00BA /* PZ80emu */,
			);
		};
/* End PBXProject section */

/* Begin PBXSourcesBuildPhase section */
		0D823C7D1AF55CB300FF00BA /* Sources */ = {
			isa = PBXSourcesBuildPhase;
			buildActionMask = 2147483647;
			files = (
				0D823C901AF6BB2600FF00BA /* z80.c in Sources */,
				0D823C931AF6D94F00FF00BA /* display.c in Sources */,
				0D823C961AF6DCCE00FF00BA /* memory.c in Sources */,
				0D823C851AF55CB300FF00BA /* main.c in Sources */,
			);
			runOnlyForDeploymentPostprocessing = 0;
		};
/* End PBXSourcesBuildPhase section */

/* Begin XCBuildConfiguration section */
		0D823C861AF55CB300FF00BA /* Debug */ = {
			isa = XCBuildConfiguration;
			buildSettings = {
				ALWAYS_SEARCH_USER_PATHS = NO;
				CLANG_CXX_LANGUAGE_STANDARD = "gnu++0x";
				CLANG_CXX_LIBRARY = "libc++";
				CLANG_ENABLE_MODULES = YES;
				CLANG_ENABLE_OBJC_ARC = YES;
				CLANG_WARN_BOOL_CONVERSION = YES;
				CLANG_WARN_CONSTANT_CONVERSION = YES;
				CLANG_WARN_DIRECT_OBJC_ISA_USAGE = YES_ERROR;
				CLANG_WARN_EMPTY_BODY = YES;
				CLANG_WARN_ENUM_CONVERSION = YES;
				CLANG_WARN_INT_CONVERSION = YES;
				CLANG_WARN_OBJC_ROOT_CLASS = YES_ERROR;
				CLANG_WARN_UNREACHABLE_CODE = YES;
				CLANG_WARN__DUPLICATE_METHOD_MATCH = YES;
				COPY_PHASE_STRIP = NO;
				DEBUG_INFORMATION_FORMAT = dwarf;
				ENABLE_STRICT_OBJC_MSGSEND = YES;
				GCC_C_LANGUAGE_STANDARD = gnu99;
				GCC_DYNAMIC_NO_PIC = NO;
				GCC_NO_COMMON_BLOCKS = YES;
				GCC_OPTIMIZATION_LEVEL = 0;
				GCC_PREPROCESSOR_DEFINITIONS = (
					"DEBUG=1",
					"$(inherited)",
				);
				GCC_SYMBOLS_PRIVATE_EXTERN = NO;
				GCC_WARN_64_TO_32_BIT_CONVERSION = YES;
				GCC_WARN_ABOUT_RETURN_TYPE = YES_ERROR;
				GCC_WARN_UNDECLARED_SELECTOR = YES;
				GCC_WARN_UNINITIALIZED_AUTOS = YES_AGGRESSIVE;
				GCC_WARN_UNUSED_FUNCTION = YES;
				GCC_WARN_UNUSED_VARIABLE = YES;
				MACOSX_DEPLOYMENT_TARGET = 10.10;
				MTL_ENABLE_DEBUG_INFO = YES;
				ONLY_ACTIVE_ARCH = YES;
				SDKROOT = macosx;
			};
			name = Debug;
		};
		0D823C871AF55CB300FF00BA /* Release */ = {
			isa = XCBuildConfiguration;
			buildSettings = {
				ALWAYS_SEARCH_USER_PATHS = NO;
				CLANG_CXX_LANGUAGE_STANDARD = "gnu++0x";
				CLANG_CXX_LIBRARY = "libc++";
				CLANG_ENABLE_MODULES = YES;
				CLANG_ENABLE_OBJC_ARC = YES;
				CLANG_WARN_BOOL_CONVERSION = YES;
				CLANG_WARN_CONSTANT_CONVERSION = YES;
				CLANG_WARN_DIRECT_OBJC_ISA_USAGE = YES_ERROR;
				CLANG_WARN_EMPTY_BODY = YES;
				CLANG_WARN_ENUM_CONVERSION = YES;
				CLANG_WARN_INT_CONVERSION = YES;
				CLANG_WARN_OBJC_ROOT_CLASS = YES_ERROR;
				CLANG_WARN_UNREACHABLE_CODE = YES;
				CLANG_WARN__DUPLICATE_METHOD_MATCH = YES;
				COPY_PHASE_STRIP = NO;
				DEBUG_INFORMATION_FORMAT = "dwarf-with-dsym";
				ENABLE_NS_ASSERTIONS = NO;
				ENABLE_STRICT_OBJC_MSGSEND = YES;
				GCC_C_LANGUAGE_STANDARD = gnu99;
				GCC_NO_COMMON_BLOCKS = YES;
				GCC_WARN_64_TO_32_BIT_CONVERSION = YES;
				GCC_WARN_ABOUT_RETURN_TYPE = YES_ERROR;
				GCC_WARN_UNDECLARED_SELECTOR = YES;
				GCC_WARN_UNINITIALIZED_AUTOS = YES_AGGRESSIVE;
				GCC_WARN_UNUSED_FUNCTION = YES;
				GCC_WARN_UNUSED_VARIABLE = YES;
				MACOSX_DEPLOYMENT_TARGET = 10.10;
				MTL_ENABLE_DEBUG_INFO = NO;
				SDKROOT = macosx;
			};
			name = Release;
		};
		0D823C891AF55CB300FF00BA /* Debug */ = {
			isa = XCBuildConfiguration;
			buildSettings = {
				PRODUCT_NAME = "$(TARGET_NAME)";
			};
			name = Debug;
		};
		0D823C8A1AF55CB300FF00BA /* Release */ = {
			isa = XCBuildConfiguration;
			buildSettings = {
				PRODUCT_NAME = "$(TARGET_NAME)";
			};
			name = Release;
		};
/* End XCBuildConfiguration section */

/* Begin XCConfigurationList section */
		0D823C7C1AF55CB300FF00BA /* Build configuration list for PBXProject "PZ80emu" */ = {
			isa = XCConfigurationList;
			buildConfigurations = (
				0D823C861AF55CB300FF00BA /* Debug */,
				0D823C871AF55CB300FF00BA /* Release */,
			);
			defaultConfigurationIsVisible = 0;
			defaultConfigurationName = Release;
		};
		0D823C881AF55CB300FF00BA /* Build configuration list for PBXNativeTarget "PZ80emu" */ = {
			isa = XCConfigurationList;
			buildConfigurations = (
				0D823C891AF55CB300FF00BA /* Debug */,
				0D823C8A1AF55CB300FF00BA /* Release */,
			);
			defaultConfigurationIsVisible = 0;
			defaultConfigurationName = Release;
		};
/* End XCConfigurationList section */
	};
	rootObject = 0D823C791AF55CB300FF00BA /* Project object */;
}
